// !$*UTF8*$!
{
	archiveVersion = 1;
	classes = {
	};
	objectVersion = 50;
	objects = {

/* Begin PBXBuildFile section */
		3E3F32CF2266902A00F2C9C6 /* GoogleService-Info.plist in Resources */ = {isa = PBXBuildFile; fileRef = 3E3F32CE2266902A00F2C9C6 /* GoogleService-Info.plist */; };
		3E8F3BFC22660F5E003B8DCC /* AppDelegate.swift in Sources */ = {isa = PBXBuildFile; fileRef = 3E8F3BFB22660F5E003B8DCC /* AppDelegate.swift */; };
		3E8F3BFE22660F5E003B8DCC /* ScreenListViewController.swift in Sources */ = {isa = PBXBuildFile; fileRef = 3E8F3BFD22660F5E003B8DCC /* ScreenListViewController.swift */; };
		3E8F3C0122660F5E003B8DCC /* Main.storyboard in Resources */ = {isa = PBXBuildFile; fileRef = 3E8F3BFF22660F5E003B8DCC /* Main.storyboard */; };
		3E8F3C0322660F60003B8DCC /* Assets.xcassets in Resources */ = {isa = PBXBuildFile; fileRef = 3E8F3C0222660F60003B8DCC /* Assets.xcassets */; };
		3E8F3C0622660F60003B8DCC /* LaunchScreen.storyboard in Resources */ = {isa = PBXBuildFile; fileRef = 3E8F3C0422660F60003B8DCC /* LaunchScreen.storyboard */; };
		3E99C99D2269184700A07F4F /* Screen.swift in Sources */ = {isa = PBXBuildFile; fileRef = 3E99C99C2269184700A07F4F /* Screen.swift */; };
		3E99C99F2269186400A07F4F /* TextBlock.swift in Sources */ = {isa = PBXBuildFile; fileRef = 3E99C99E2269186400A07F4F /* TextBlock.swift */; };
		3E99C9A122691B2900A07F4F /* Screens.swift in Sources */ = {isa = PBXBuildFile; fileRef = 3E99C9A022691B2900A07F4F /* Screens.swift */; };
		3E99C9A32269453000A07F4F /* Constants.swift in Sources */ = {isa = PBXBuildFile; fileRef = 3E99C9A22269453000A07F4F /* Constants.swift */; };
		3E99C9A522694C7D00A07F4F /* UIColor+colorWithHexString.swift in Sources */ = {isa = PBXBuildFile; fileRef = 3E99C9A422694C7D00A07F4F /* UIColor+colorWithHexString.swift */; };
		3EA970FB226904F500672C4E /* ScreenLayoutViewController.swift in Sources */ = {isa = PBXBuildFile; fileRef = 3EA970FA226904F500672C4E /* ScreenLayoutViewController.swift */; };
		3EA970FF2269142F00672C4E /* TextBoxDetailTableViewController.swift in Sources */ = {isa = PBXBuildFile; fileRef = 3EA970FE2269142F00672C4E /* TextBoxDetailTableViewController.swift */; };
		3EE341BC2266482500555CC4 /* Event.swift in Sources */ = {isa = PBXBuildFile; fileRef = 3EE341BB2266482500555CC4 /* Event.swift */; };
		3EE341BE2266490D00555CC4 /* Events.swift in Sources */ = {isa = PBXBuildFile; fileRef = 3EE341BD2266490D00555CC4 /* Events.swift */; };
		3EE341C2226649E700555CC4 /* EventDetailTableViewController.swift in Sources */ = {isa = PBXBuildFile; fileRef = 3EE341C1226649E700555CC4 /* EventDetailTableViewController.swift */; };
		3EE341C6226664E300555CC4 /* code.py in Resources */ = {isa = PBXBuildFile; fileRef = 3EE341C5226664E300555CC4 /* code.py */; };
		E35A3E974C0AA163C5807FCE /* Pods_DoorSign.framework in Frameworks */ = {isa = PBXBuildFile; fileRef = 8C9ECE6E4E3B6ECA923A775A /* Pods_DoorSign.framework */; };
/* End PBXBuildFile section */

/* Begin PBXFileReference section */
		3E3F32CE2266902A00F2C9C6 /* GoogleService-Info.plist */ = {isa = PBXFileReference; fileEncoding = 4; lastKnownFileType = text.plist.xml; path = "GoogleService-Info.plist"; sourceTree = SOURCE_ROOT; };
		3E8F3BF822660F5E003B8DCC /* DoorSign.app */ = {isa = PBXFileReference; explicitFileType = wrapper.application; includeInIndex = 0; path = DoorSign.app; sourceTree = BUILT_PRODUCTS_DIR; };
		3E8F3BFB22660F5E003B8DCC /* AppDelegate.swift */ = {isa = PBXFileReference; lastKnownFileType = sourcecode.swift; path = AppDelegate.swift; sourceTree = "<group>"; };
		3E8F3BFD22660F5E003B8DCC /* ScreenListViewController.swift */ = {isa = PBXFileReference; lastKnownFileType = sourcecode.swift; path = ScreenListViewController.swift; sourceTree = "<group>"; };
		3E8F3C0022660F5E003B8DCC /* Base */ = {isa = PBXFileReference; lastKnownFileType = file.storyboard; name = Base; path = Base.lproj/Main.storyboard; sourceTree = "<group>"; };
		3E8F3C0222660F60003B8DCC /* Assets.xcassets */ = {isa = PBXFileReference; lastKnownFileType = folder.assetcatalog; path = Assets.xcassets; sourceTree = "<group>"; };
		3E8F3C0522660F60003B8DCC /* Base */ = {isa = PBXFileReference; lastKnownFileType = file.storyboard; name = Base; path = Base.lproj/LaunchScreen.storyboard; sourceTree = "<group>"; };
		3E8F3C0722660F60003B8DCC /* Info.plist */ = {isa = PBXFileReference; lastKnownFileType = text.plist.xml; path = Info.plist; sourceTree = "<group>"; };
		3E99C99C2269184700A07F4F /* Screen.swift */ = {isa = PBXFileReference; lastKnownFileType = sourcecode.swift; path = Screen.swift; sourceTree = "<group>"; };
		3E99C99E2269186400A07F4F /* TextBlock.swift */ = {isa = PBXFileReference; lastKnownFileType = sourcecode.swift; path = TextBlock.swift; sourceTree = "<group>"; };
		3E99C9A022691B2900A07F4F /* Screens.swift */ = {isa = PBXFileReference; lastKnownFileType = sourcecode.swift; path = Screens.swift; sourceTree = "<group>"; };
		3E99C9A22269453000A07F4F /* Constants.swift */ = {isa = PBXFileReference; lastKnownFileType = sourcecode.swift; path = Constants.swift; sourceTree = "<group>"; };
		3E99C9A422694C7D00A07F4F /* UIColor+colorWithHexString.swift */ = {isa = PBXFileReference; lastKnownFileType = sourcecode.swift; path = "UIColor+colorWithHexString.swift"; sourceTree = "<group>"; };
		3EA970FA226904F500672C4E /* ScreenLayoutViewController.swift */ = {isa = PBXFileReference; lastKnownFileType = sourcecode.swift; path = ScreenLayoutViewController.swift; sourceTree = "<group>"; };
		3EA970FE2269142F00672C4E /* TextBoxDetailTableViewController.swift */ = {isa = PBXFileReference; lastKnownFileType = sourcecode.swift; path = TextBoxDetailTableViewController.swift; sourceTree = "<group>"; };
		3EE341BB2266482500555CC4 /* Event.swift */ = {isa = PBXFileReference; lastKnownFileType = sourcecode.swift; path = Event.swift; sourceTree = "<group>"; };
		3EE341BD2266490D00555CC4 /* Events.swift */ = {isa = PBXFileReference; lastKnownFileType = sourcecode.swift; path = Events.swift; sourceTree = "<group>"; };
		3EE341C1226649E700555CC4 /* EventDetailTableViewController.swift */ = {isa = PBXFileReference; lastKnownFileType = sourcecode.swift; path = EventDetailTableViewController.swift; sourceTree = "<group>"; };
		3EE341C5226664E300555CC4 /* code.py */ = {isa = PBXFileReference; fileEncoding = 4; lastKnownFileType = text.script.python; path = code.py; sourceTree = "<group>"; };
		7F6FB5DE1E1A7E72E406E03B /* Pods-DoorSign.release.xcconfig */ = {isa = PBXFileReference; includeInIndex = 1; lastKnownFileType = text.xcconfig; name = "Pods-DoorSign.release.xcconfig"; path = "Pods/Target Support Files/Pods-DoorSign/Pods-DoorSign.release.xcconfig"; sourceTree = "<group>"; };
		8C9ECE6E4E3B6ECA923A775A /* Pods_DoorSign.framework */ = {isa = PBXFileReference; explicitFileType = wrapper.framework; includeInIndex = 0; path = Pods_DoorSign.framework; sourceTree = BUILT_PRODUCTS_DIR; };
		BA53D93C73CC00E6603CAA13 /* Pods-DoorSign.debug.xcconfig */ = {isa = PBXFileReference; includeInIndex = 1; lastKnownFileType = text.xcconfig; name = "Pods-DoorSign.debug.xcconfig"; path = "Pods/Target Support Files/Pods-DoorSign/Pods-DoorSign.debug.xcconfig"; sourceTree = "<group>"; };
/* End PBXFileReference section */

/* Begin PBXFrameworksBuildPhase section */
		3E8F3BF522660F5E003B8DCC /* Frameworks */ = {
			isa = PBXFrameworksBuildPhase;
			buildActionMask = 2147483647;
			files = (
				E35A3E974C0AA163C5807FCE /* Pods_DoorSign.framework in Frameworks */,
			);
			runOnlyForDeploymentPostprocessing = 0;
		};
/* End PBXFrameworksBuildPhase section */

/* Begin PBXGroup section */
		097988F045166BD5F8B8F275 /* Pods */ = {
			isa = PBXGroup;
			children = (
				BA53D93C73CC00E6603CAA13 /* Pods-DoorSign.debug.xcconfig */,
				7F6FB5DE1E1A7E72E406E03B /* Pods-DoorSign.release.xcconfig */,
			);
			name = Pods;
			sourceTree = "<group>";
		};
		12D571C0DD0C77A95659A015 /* Frameworks */ = {
			isa = PBXGroup;
			children = (
				8C9ECE6E4E3B6ECA923A775A /* Pods_DoorSign.framework */,
			);
			name = Frameworks;
			sourceTree = "<group>";
		};
		3E8F3BEF22660F5E003B8DCC = {
			isa = PBXGroup;
			children = (
				3E8F3BFA22660F5E003B8DCC /* DoorSign */,
				3E8F3BF922660F5E003B8DCC /* Products */,
				097988F045166BD5F8B8F275 /* Pods */,
				12D571C0DD0C77A95659A015 /* Frameworks */,
			);
			sourceTree = "<group>";
		};
		3E8F3BF922660F5E003B8DCC /* Products */ = {
			isa = PBXGroup;
			children = (
				3E8F3BF822660F5E003B8DCC /* DoorSign.app */,
			);
			name = Products;
			sourceTree = "<group>";
		};
		3E8F3BFA22660F5E003B8DCC /* DoorSign */ = {
			isa = PBXGroup;
			children = (
				3E8F3BFB22660F5E003B8DCC /* AppDelegate.swift */,
				3E99C9A22269453000A07F4F /* Constants.swift */,
				3EE341BB2266482500555CC4 /* Event.swift */,
				3EE341BD2266490D00555CC4 /* Events.swift */,
				3EE341C1226649E700555CC4 /* EventDetailTableViewController.swift */,
				3E99C9A022691B2900A07F4F /* Screens.swift */,
				3E99C99C2269184700A07F4F /* Screen.swift */,
				3E99C99E2269186400A07F4F /* TextBlock.swift */,
				3E8F3BFD22660F5E003B8DCC /* ScreenListViewController.swift */,
				3EA970FA226904F500672C4E /* ScreenLayoutViewController.swift */,
				3EA970FE2269142F00672C4E /* TextBoxDetailTableViewController.swift */,
				3E99C9A422694C7D00A07F4F /* UIColor+colorWithHexString.swift */,
				3E8F3BFF22660F5E003B8DCC /* Main.storyboard */,
				3E8F3C0222660F60003B8DCC /* Assets.xcassets */,
				3E8F3C0422660F60003B8DCC /* LaunchScreen.storyboard */,
				3E8F3C0722660F60003B8DCC /* Info.plist */,
				3E3F32CE2266902A00F2C9C6 /* GoogleService-Info.plist */,
				3EE341C5226664E300555CC4 /* code.py */,
			);
			path = DoorSign;
			sourceTree = "<group>";
		};
/* End PBXGroup section */

/* Begin PBXNativeTarget section */
		3E8F3BF722660F5E003B8DCC /* DoorSign */ = {
			isa = PBXNativeTarget;
			buildConfigurationList = 3E8F3C0A22660F60003B8DCC /* Build configuration list for PBXNativeTarget "DoorSign" */;
			buildPhases = (
				46683FD5C088D53A4A88D1CA /* [CP] Check Pods Manifest.lock */,
				3E8F3BF422660F5E003B8DCC /* Sources */,
				3E8F3BF522660F5E003B8DCC /* Frameworks */,
				3E8F3BF622660F5E003B8DCC /* Resources */,
				86A8A399CA1987A7E541DD23 /* [CP] Embed Pods Frameworks */,
				7E8203127C26844B8F800AF2 /* [CP] Copy Pods Resources */,
			);
			buildRules = (
			);
			dependencies = (
			);
			name = DoorSign;
			productName = DoorSign;
			productReference = 3E8F3BF822660F5E003B8DCC /* DoorSign.app */;
			productType = "com.apple.product-type.application";
		};
/* End PBXNativeTarget section */

/* Begin PBXProject section */
		3E8F3BF022660F5E003B8DCC /* Project object */ = {
			isa = PBXProject;
			attributes = {
				LastSwiftUpdateCheck = 1020;
				LastUpgradeCheck = 1020;
				ORGANIZATIONNAME = "John Gallaugher";
				TargetAttributes = {
					3E8F3BF722660F5E003B8DCC = {
						CreatedOnToolsVersion = 10.2;
					};
				};
			};
			buildConfigurationList = 3E8F3BF322660F5E003B8DCC /* Build configuration list for PBXProject "DoorSign" */;
			compatibilityVersion = "Xcode 9.3";
			developmentRegion = en;
			hasScannedForEncodings = 0;
			knownRegions = (
				en,
				Base,
			);
			mainGroup = 3E8F3BEF22660F5E003B8DCC;
			productRefGroup = 3E8F3BF922660F5E003B8DCC /* Products */;
			projectDirPath = "";
			projectRoot = "";
			targets = (
				3E8F3BF722660F5E003B8DCC /* DoorSign */,
			);
		};
/* End PBXProject section */

/* Begin PBXResourcesBuildPhase section */
		3E8F3BF622660F5E003B8DCC /* Resources */ = {
			isa = PBXResourcesBuildPhase;
			buildActionMask = 2147483647;
			files = (
				3E8F3C0622660F60003B8DCC /* LaunchScreen.storyboard in Resources */,
				3EE341C6226664E300555CC4 /* code.py in Resources */,
				3E3F32CF2266902A00F2C9C6 /* GoogleService-Info.plist in Resources */,
				3E8F3C0322660F60003B8DCC /* Assets.xcassets in Resources */,
				3E8F3C0122660F5E003B8DCC /* Main.storyboard in Resources */,
			);
			runOnlyForDeploymentPostprocessing = 0;
		};
/* End PBXResourcesBuildPhase section */

/* Begin PBXShellScriptBuildPhase section */
		46683FD5C088D53A4A88D1CA /* [CP] Check Pods Manifest.lock */ = {
			isa = PBXShellScriptBuildPhase;
			buildActionMask = 2147483647;
			files = (
			);
			inputFileListPaths = (
			);
			inputPaths = (
				"${PODS_PODFILE_DIR_PATH}/Podfile.lock",
				"${PODS_ROOT}/Manifest.lock",
			);
			name = "[CP] Check Pods Manifest.lock";
			outputFileListPaths = (
			);
			outputPaths = (
				"$(DERIVED_FILE_DIR)/Pods-DoorSign-checkManifestLockResult.txt",
			);
			runOnlyForDeploymentPostprocessing = 0;
			shellPath = /bin/sh;
			shellScript = "diff \"${PODS_PODFILE_DIR_PATH}/Podfile.lock\" \"${PODS_ROOT}/Manifest.lock\" > /dev/null\nif [ $? != 0 ] ; then\n    # print error to STDERR\n    echo \"error: The sandbox is not in sync with the Podfile.lock. Run 'pod install' or update your CocoaPods installation.\" >&2\n    exit 1\nfi\n# This output is used by Xcode 'outputs' to avoid re-running this script phase.\necho \"SUCCESS\" > \"${SCRIPT_OUTPUT_FILE_0}\"\n";
			showEnvVarsInLog = 0;
		};
		7E8203127C26844B8F800AF2 /* [CP] Copy Pods Resources */ = {
			isa = PBXShellScriptBuildPhase;
			buildActionMask = 2147483647;
			files = (
			);
			inputFileListPaths = (
			);
			inputPaths = (
				"${SRCROOT}/Pods/Target Support Files/Pods-DoorSign/Pods-DoorSign-resources.sh",
				"${PODS_CONFIGURATION_BUILD_DIR}/FirebaseUI/FirebaseAuthUI.bundle",
				"${PODS_CONFIGURATION_BUILD_DIR}/FirebaseUI/FirebaseGoogleAuthUI.bundle",
				"${PODS_ROOT}/GoogleSignIn/Resources/GoogleSignIn.bundle",
			);
			name = "[CP] Copy Pods Resources";
			outputFileListPaths = (
			);
			outputPaths = (
				"${TARGET_BUILD_DIR}/${UNLOCALIZED_RESOURCES_FOLDER_PATH}/FirebaseAuthUI.bundle",
				"${TARGET_BUILD_DIR}/${UNLOCALIZED_RESOURCES_FOLDER_PATH}/FirebaseGoogleAuthUI.bundle",
				"${TARGET_BUILD_DIR}/${UNLOCALIZED_RESOURCES_FOLDER_PATH}/GoogleSignIn.bundle",
			);
			runOnlyForDeploymentPostprocessing = 0;
			shellPath = /bin/sh;
			shellScript = "\"${SRCROOT}/Pods/Target Support Files/Pods-DoorSign/Pods-DoorSign-resources.sh\"\n";
			showEnvVarsInLog = 0;
		};
		86A8A399CA1987A7E541DD23 /* [CP] Embed Pods Frameworks */ = {
			isa = PBXShellScriptBuildPhase;
			buildActionMask = 2147483647;
			files = (
			);
			inputFileListPaths = (
			);
			inputPaths = (
				"${SRCROOT}/Pods/Target Support Files/Pods-DoorSign/Pods-DoorSign-frameworks.sh",
				"${BUILT_PRODUCTS_DIR}/BoringSSL-GRPC/openssl_grpc.framework",
				"${BUILT_PRODUCTS_DIR}/GTMSessionFetcher/GTMSessionFetcher.framework",
				"${BUILT_PRODUCTS_DIR}/GoogleToolboxForMac/GoogleToolboxForMac.framework",
				"${BUILT_PRODUCTS_DIR}/GoogleUtilities/GoogleUtilities.framework",
				"${BUILT_PRODUCTS_DIR}/Protobuf/Protobuf.framework",
				"${BUILT_PRODUCTS_DIR}/SDWebImage/SDWebImage.framework",
				"${BUILT_PRODUCTS_DIR}/gRPC-C++/grpcpp.framework",
				"${BUILT_PRODUCTS_DIR}/gRPC-Core/grpc.framework",
				"${BUILT_PRODUCTS_DIR}/leveldb-library/leveldb.framework",
				"${BUILT_PRODUCTS_DIR}/nanopb/nanopb.framework",
			);
			name = "[CP] Embed Pods Frameworks";
			outputFileListPaths = (
			);
			outputPaths = (
				"${TARGET_BUILD_DIR}/${FRAMEWORKS_FOLDER_PATH}/openssl_grpc.framework",
				"${TARGET_BUILD_DIR}/${FRAMEWORKS_FOLDER_PATH}/GTMSessionFetcher.framework",
				"${TARGET_BUILD_DIR}/${FRAMEWORKS_FOLDER_PATH}/GoogleToolboxForMac.framework",
				"${TARGET_BUILD_DIR}/${FRAMEWORKS_FOLDER_PATH}/GoogleUtilities.framework",
				"${TARGET_BUILD_DIR}/${FRAMEWORKS_FOLDER_PATH}/Protobuf.framework",
				"${TARGET_BUILD_DIR}/${FRAMEWORKS_FOLDER_PATH}/SDWebImage.framework",
				"${TARGET_BUILD_DIR}/${FRAMEWORKS_FOLDER_PATH}/grpcpp.framework",
				"${TARGET_BUILD_DIR}/${FRAMEWORKS_FOLDER_PATH}/grpc.framework",
				"${TARGET_BUILD_DIR}/${FRAMEWORKS_FOLDER_PATH}/leveldb.framework",
				"${TARGET_BUILD_DIR}/${FRAMEWORKS_FOLDER_PATH}/nanopb.framework",
			);
			runOnlyForDeploymentPostprocessing = 0;
			shellPath = /bin/sh;
			shellScript = "\"${SRCROOT}/Pods/Target Support Files/Pods-DoorSign/Pods-DoorSign-frameworks.sh\"\n";
			showEnvVarsInLog = 0;
		};
/* End PBXShellScriptBuildPhase section */

/* Begin PBXSourcesBuildPhase section */
		3E8F3BF422660F5E003B8DCC /* Sources */ = {
			isa = PBXSourcesBuildPhase;
			buildActionMask = 2147483647;
			files = (
				3EA970FB226904F500672C4E /* ScreenLayoutViewController.swift in Sources */,
				3E99C9A32269453000A07F4F /* Constants.swift in Sources */,
				3E99C9A122691B2900A07F4F /* Screens.swift in Sources */,
				3EA970FF2269142F00672C4E /* TextBoxDetailTableViewController.swift in Sources */,
				3E99C9A522694C7D00A07F4F /* UIColor+colorWithHexString.swift in Sources */,
				3E99C99F2269186400A07F4F /* TextBlock.swift in Sources */,
				3EE341C2226649E700555CC4 /* EventDetailTableViewController.swift in Sources */,
				3EE341BE2266490D00555CC4 /* Events.swift in Sources */,
				3E8F3BFE22660F5E003B8DCC /* ScreenListViewController.swift in Sources */,
				3EE341BC2266482500555CC4 /* Event.swift in Sources */,
				3E8F3BFC22660F5E003B8DCC /* AppDelegate.swift in Sources */,
				3E99C99D2269184700A07F4F /* Screen.swift in Sources */,
			);
			runOnlyForDeploymentPostprocessing = 0;
		};
/* End PBXSourcesBuildPhase section */

/* Begin PBXVariantGroup section */
		3E8F3BFF22660F5E003B8DCC /* Main.storyboard */ = {
			isa = PBXVariantGroup;
			children = (
				3E8F3C0022660F5E003B8DCC /* Base */,
			);
			name = Main.storyboard;
			sourceTree = "<group>";
		};
		3E8F3C0422660F60003B8DCC /* LaunchScreen.storyboard */ = {
			isa = PBXVariantGroup;
			children = (
				3E8F3C0522660F60003B8DCC /* Base */,
			);
			name = LaunchScreen.storyboard;
			sourceTree = "<group>";
		};
/* End PBXVariantGroup section */

/* Begin XCBuildConfiguration section */
		3E8F3C0822660F60003B8DCC /* Debug */ = {
			isa = XCBuildConfiguration;
			buildSettings = {
				ALWAYS_SEARCH_USER_PATHS = NO;
				CLANG_ANALYZER_NONNULL = YES;
				CLANG_ANALYZER_NUMBER_OBJECT_CONVERSION = YES_AGGRESSIVE;
				CLANG_CXX_LANGUAGE_STANDARD = "gnu++14";
				CLANG_CXX_LIBRARY = "libc++";
				CLANG_ENABLE_MODULES = YES;
				CLANG_ENABLE_OBJC_ARC = YES;
				CLANG_ENABLE_OBJC_WEAK = YES;
				CLANG_WARN_BLOCK_CAPTURE_AUTORELEASING = YES;
				CLANG_WARN_BOOL_CONVERSION = YES;
				CLANG_WARN_COMMA = YES;
				CLANG_WARN_CONSTANT_CONVERSION = YES;
				CLANG_WARN_DEPRECATED_OBJC_IMPLEMENTATIONS = YES;
				CLANG_WARN_DIRECT_OBJC_ISA_USAGE = YES_ERROR;
				CLANG_WARN_DOCUMENTATION_COMMENTS = YES;
				CLANG_WARN_EMPTY_BODY = YES;
				CLANG_WARN_ENUM_CONVERSION = YES;
				CLANG_WARN_INFINITE_RECURSION = YES;
				CLANG_WARN_INT_CONVERSION = YES;
				CLANG_WARN_NON_LITERAL_NULL_CONVERSION = YES;
				CLANG_WARN_OBJC_IMPLICIT_RETAIN_SELF = YES;
				CLANG_WARN_OBJC_LITERAL_CONVERSION = YES;
				CLANG_WARN_OBJC_ROOT_CLASS = YES_ERROR;
				CLANG_WARN_RANGE_LOOP_ANALYSIS = YES;
				CLANG_WARN_STRICT_PROTOTYPES = YES;
				CLANG_WARN_SUSPICIOUS_MOVE = YES;
				CLANG_WARN_UNGUARDED_AVAILABILITY = YES_AGGRESSIVE;
				CLANG_WARN_UNREACHABLE_CODE = YES;
				CLANG_WARN__DUPLICATE_METHOD_MATCH = YES;
				CODE_SIGN_IDENTITY = "iPhone Developer";
				COPY_PHASE_STRIP = NO;
				DEBUG_INFORMATION_FORMAT = dwarf;
				ENABLE_STRICT_OBJC_MSGSEND = YES;
				ENABLE_TESTABILITY = YES;
				GCC_C_LANGUAGE_STANDARD = gnu11;
				GCC_DYNAMIC_NO_PIC = NO;
				GCC_NO_COMMON_BLOCKS = YES;
				GCC_OPTIMIZATION_LEVEL = 0;
				GCC_PREPROCESSOR_DEFINITIONS = (
					"DEBUG=1",
					"$(inherited)",
				);
				GCC_WARN_64_TO_32_BIT_CONVERSION = YES;
				GCC_WARN_ABOUT_RETURN_TYPE = YES_ERROR;
				GCC_WARN_UNDECLARED_SELECTOR = YES;
				GCC_WARN_UNINITIALIZED_AUTOS = YES_AGGRESSIVE;
				GCC_WARN_UNUSED_FUNCTION = YES;
				GCC_WARN_UNUSED_VARIABLE = YES;
				IPHONEOS_DEPLOYMENT_TARGET = 12.2;
				MTL_ENABLE_DEBUG_INFO = INCLUDE_SOURCE;
				MTL_FAST_MATH = YES;
				ONLY_ACTIVE_ARCH = YES;
				SDKROOT = iphoneos;
				SWIFT_ACTIVE_COMPILATION_CONDITIONS = DEBUG;
				SWIFT_OPTIMIZATION_LEVEL = "-Onone";
			};
			name = Debug;
		};
		3E8F3C0922660F60003B8DCC /* Release */ = {
			isa = XCBuildConfiguration;
			buildSettings = {
				ALWAYS_SEARCH_USER_PATHS = NO;
				CLANG_ANALYZER_NONNULL = YES;
				CLANG_ANALYZER_NUMBER_OBJECT_CONVERSION = YES_AGGRESSIVE;
				CLANG_CXX_LANGUAGE_STANDARD = "gnu++14";
				CLANG_CXX_LIBRARY = "libc++";
				CLANG_ENABLE_MODULES = YES;
				CLANG_ENABLE_OBJC_ARC = YES;
				CLANG_ENABLE_OBJC_WEAK = YES;
				CLANG_WARN_BLOCK_CAPTURE_AUTORELEASING = YES;
				CLANG_WARN_BOOL_CONVERSION = YES;
				CLANG_WARN_COMMA = YES;
				CLANG_WARN_CONSTANT_CONVERSION = YES;
				CLANG_WARN_DEPRECATED_OBJC_IMPLEMENTATIONS = YES;
				CLANG_WARN_DIRECT_OBJC_ISA_USAGE = YES_ERROR;
				CLANG_WARN_DOCUMENTATION_COMMENTS = YES;
				CLANG_WARN_EMPTY_BODY = YES;
				CLANG_WARN_ENUM_CONVERSION = YES;
				CLANG_WARN_INFINITE_RECURSION = YES;
				CLANG_WARN_INT_CONVERSION = YES;
				CLANG_WARN_NON_LITERAL_NULL_CONVERSION = YES;
				CLANG_WARN_OBJC_IMPLICIT_RETAIN_SELF = YES;
				CLANG_WARN_OBJC_LITERAL_CONVERSION = YES;
				CLANG_WARN_OBJC_ROOT_CLASS = YES_ERROR;
				CLANG_WARN_RANGE_LOOP_ANALYSIS = YES;
				CLANG_WARN_STRICT_PROTOTYPES = YES;
				CLANG_WARN_SUSPICIOUS_MOVE = YES;
				CLANG_WARN_UNGUARDED_AVAILABILITY = YES_AGGRESSIVE;
				CLANG_WARN_UNREACHABLE_CODE = YES;
				CLANG_WARN__DUPLICATE_METHOD_MATCH = YES;
				CODE_SIGN_IDENTITY = "iPhone Developer";
				COPY_PHASE_STRIP = NO;
				DEBUG_INFORMATION_FORMAT = "dwarf-with-dsym";
				ENABLE_NS_ASSERTIONS = NO;
				ENABLE_STRICT_OBJC_MSGSEND = YES;
				GCC_C_LANGUAGE_STANDARD = gnu11;
				GCC_NO_COMMON_BLOCKS = YES;
				GCC_WARN_64_TO_32_BIT_CONVERSION = YES;
				GCC_WARN_ABOUT_RETURN_TYPE = YES_ERROR;
				GCC_WARN_UNDECLARED_SELECTOR = YES;
				GCC_WARN_UNINITIALIZED_AUTOS = YES_AGGRESSIVE;
				GCC_WARN_UNUSED_FUNCTION = YES;
				GCC_WARN_UNUSED_VARIABLE = YES;
				IPHONEOS_DEPLOYMENT_TARGET = 12.2;
				MTL_ENABLE_DEBUG_INFO = NO;
				MTL_FAST_MATH = YES;
				SDKROOT = iphoneos;
				SWIFT_COMPILATION_MODE = wholemodule;
				SWIFT_OPTIMIZATION_LEVEL = "-O";
				VALIDATE_PRODUCT = YES;
			};
			name = Release;
		};
		3E8F3C0B22660F60003B8DCC /* Debug */ = {
			isa = XCBuildConfiguration;
			baseConfigurationReference = BA53D93C73CC00E6603CAA13 /* Pods-DoorSign.debug.xcconfig */;
			buildSettings = {
				ASSETCATALOG_COMPILER_APPICON_NAME = AppIcon;
				CODE_SIGN_STYLE = Automatic;
				DEVELOPMENT_TEAM = GA34U7H7XD;
				INFOPLIST_FILE = DoorSign/Info.plist;
				LD_RUNPATH_SEARCH_PATHS = (
					"$(inherited)",
					"@executable_path/Frameworks",
				);
				PRODUCT_BUNDLE_IDENTIFIER = com.gallaugher.DoorSign;
				PRODUCT_NAME = "$(TARGET_NAME)";
				SWIFT_VERSION = 5.0;
				TARGETED_DEVICE_FAMILY = "1,2";
			};
			name = Debug;
		};
		3E8F3C0C22660F60003B8DCC /* Release */ = {
			isa = XCBuildConfiguration;
			baseConfigurationReference = 7F6FB5DE1E1A7E72E406E03B /* Pods-DoorSign.release.xcconfig */;
			buildSettings = {
				ASSETCATALOG_COMPILER_APPICON_NAME = AppIcon;
				CODE_SIGN_STYLE = Automatic;
				DEVELOPMENT_TEAM = GA34U7H7XD;
				INFOPLIST_FILE = DoorSign/Info.plist;
				LD_RUNPATH_SEARCH_PATHS = (
					"$(inherited)",
					"@executable_path/Frameworks",
				);
				PRODUCT_BUNDLE_IDENTIFIER = com.gallaugher.DoorSign;
				PRODUCT_NAME = "$(TARGET_NAME)";
				SWIFT_VERSION = 5.0;
				TARGETED_DEVICE_FAMILY = "1,2";
			};
			name = Release;
		};
/* End XCBuildConfiguration section */

/* Begin XCConfigurationList section */
		3E8F3BF322660F5E003B8DCC /* Build configuration list for PBXProject "DoorSign" */ = {
			isa = XCConfigurationList;
			buildConfigurations = (
				3E8F3C0822660F60003B8DCC /* Debug */,
				3E8F3C0922660F60003B8DCC /* Release */,
			);
			defaultConfigurationIsVisible = 0;
			defaultConfigurationName = Release;
		};
		3E8F3C0A22660F60003B8DCC /* Build configuration list for PBXNativeTarget "DoorSign" */ = {
			isa = XCConfigurationList;
			buildConfigurations = (
				3E8F3C0B22660F60003B8DCC /* Debug */,
				3E8F3C0C22660F60003B8DCC /* Release */,
			);
			defaultConfigurationIsVisible = 0;
			defaultConfigurationName = Release;
		};
/* End XCConfigurationList section */
	};
	rootObject = 3E8F3BF022660F5E003B8DCC /* Project object */;
}
